
Microsoft Visual Studio Solution File, Format Version 12.00
# Visual Studio Version 16
VisualStudioVersion = 16.0.31911.196
MinimumVisualStudioVersion = 10.0.40219.1
Project("{FAE04EC0-301F-11D3-BF4B-00C04F79EFBC}") = "BowlingGameMvcCore", "BowlingGameMvcCore.csproj", "{28D94119-EEC8-4C8B-B362-80B96E357872}"
EndProject
Global
	GlobalSection(SolutionConfigurationPlatforms) = preSolution
		Debug|Any CPU = Debug|Any CPU
		Release|Any CPU = Release|Any CPU
	EndGlobalSection
	GlobalSection(ProjectConfigurationPlatforms) = postSolution
		{28D94119-EEC8-4C8B-B362-80B96E357872}.Debug|Any CPU.ActiveCfg = Debug|Any CPU
		{28D94119-EEC8-4C8B-B362-80B96E357872}.Debug|Any CPU.Build.0 = Debug|Any CPU
		{28D94119-EEC8-4C8B-B362-80B96E357872}.Release|Any CPU.ActiveCfg = Release|Any CPU
		{28D94119-EEC8-4C8B-B362-80B96E357872}.Release|Any CPU.Build.0 = Release|Any CPU
	EndGlobalSection
	GlobalSection(SolutionProperties) = preSolution
		HideSolutionNode = FALSE
	EndGlobalSection
	GlobalSection(ExtensibilityGlobals) = postSolution
		SolutionGuid = {C9695F87-5F20-4676-B952-16A33EE8B15A}
	EndGlobalSection
EndGlobal
